
Microsoft Visual Studio Solution File, Format Version 12.00
# Visual Studio 14
VisualStudioVersion = 14.0.25420.1
MinimumVisualStudioVersion = 10.0.40219.1
Project("{FAE04EC0-301F-11D3-BF4B-00C04F79EFBC}") = "DictionariesDemo", "DictionariesDemo\DictionariesDemo.csproj", "{66A03FF1-EF68-4AA3-A03A-5EEC9FD36E48}"
EndProject
Project("{FAE04EC0-301F-11D3-BF4B-00C04F79EFBC}") = "p02 - OddOccurrences", "p02 - OddOccurrences\p02 - OddOccurrences.csproj", "{C08A97A3-629E-42D1-9972-56D3B270ACE6}"
EndProject
Project("{FAE04EC0-301F-11D3-BF4B-00C04F79EFBC}") = "p01 - CountRealNumbers", "p01 - CountRealNumbers\p01 - CountRealNumbers.csproj", "{D73FF93A-E693-4A92-9AF7-07C12F0CCCF4}"
EndProject
Project("{FAE04EC0-301F-11D3-BF4B-00C04F79EFBC}") = "p03 - SumMinMaxAverage", "p03 - SumMinMaxAverage\p03 - SumMinMaxAverage.csproj", "{4AC318B4-7F3D-4208-B58B-635E4F313DC9}"
EndProject
Project("{FAE04EC0-301F-11D3-BF4B-00C04F79EFBC}") = "p04 - Largest3Numbers", "p04 - Largest3Numbers\p04 - Largest3Numbers.csproj", "{7744BBB2-5562-49A4-AE26-E9078046BA6D}"
EndProject
Project("{FAE04EC0-301F-11D3-BF4B-00C04F79EFBC}") = "p05 - ShortWordsSorted", "p05 - ShortWordsSorted\p05 - ShortWordsSorted.csproj", "{357B6084-41E9-43C8-8431-65CCCF933BBB}"
EndProject
Project("{FAE04EC0-301F-11D3-BF4B-00C04F79EFBC}") = "p06 - FoldAndSum", "p06 - FoldAndSum\p06 - FoldAndSum.csproj", "{69E335B6-76D4-4DE6-9AFC-A1D0A21643B1}"
EndProject
Global
	GlobalSection(SolutionConfigurationPlatforms) = preSolution
		Debug|Any CPU = Debug|Any CPU
		Release|Any CPU = Release|Any CPU
	EndGlobalSection
	GlobalSection(ProjectConfigurationPlatforms) = postSolution
		{66A03FF1-EF68-4AA3-A03A-5EEC9FD36E48}.Debug|Any CPU.ActiveCfg = Debug|Any CPU
		{66A03FF1-EF68-4AA3-A03A-5EEC9FD36E48}.Debug|Any CPU.Build.0 = Debug|Any CPU
		{66A03FF1-EF68-4AA3-A03A-5EEC9FD36E48}.Release|Any CPU.ActiveCfg = Release|Any CPU
		{66A03FF1-EF68-4AA3-A03A-5EEC9FD36E48}.Release|Any CPU.Build.0 = Release|Any CPU
		{C08A97A3-629E-42D1-9972-56D3B270ACE6}.Debug|Any CPU.ActiveCfg = Debug|Any CPU
		{C08A97A3-629E-42D1-9972-56D3B270ACE6}.Debug|Any CPU.Build.0 = Debug|Any CPU
		{C08A97A3-629E-42D1-9972-56D3B270ACE6}.Release|Any CPU.ActiveCfg = Release|Any CPU
		{C08A97A3-629E-42D1-9972-56D3B270ACE6}.Release|Any CPU.Build.0 = Release|Any CPU
		{D73FF93A-E693-4A92-9AF7-07C12F0CCCF4}.Debug|Any CPU.ActiveCfg = Debug|Any CPU
		{D73FF93A-E693-4A92-9AF7-07C12F0CCCF4}.Debug|Any CPU.Build.0 = Debug|Any CPU
		{D73FF93A-E693-4A92-9AF7-07C12F0CCCF4}.Release|Any CPU.ActiveCfg = Release|Any CPU
		{D73FF93A-E693-4A92-9AF7-07C12F0CCCF4}.Release|Any CPU.Build.0 = Release|Any CPU
		{4AC318B4-7F3D-4208-B58B-635E4F313DC9}.Debug|Any CPU.ActiveCfg = Debug|Any CPU
		{4AC318B4-7F3D-4208-B58B-635E4F313DC9}.Debug|Any CPU.Build.0 = Debug|Any CPU
		{4AC318B4-7F3D-4208-B58B-635E4F313DC9}.Release|Any CPU.ActiveCfg = Release|Any CPU
		{4AC318B4-7F3D-4208-B58B-635E4F313DC9}.Release|Any CPU.Build.0 = Release|Any CPU
		{7744BBB2-5562-49A4-AE26-E9078046BA6D}.Debug|Any CPU.ActiveCfg = Debug|Any CPU
		{7744BBB2-5562-49A4-AE26-E9078046BA6D}.Debug|Any CPU.Build.0 = Debug|Any CPU
		{7744BBB2-5562-49A4-AE26-E9078046BA6D}.Release|Any CPU.ActiveCfg = Release|Any CPU
		{7744BBB2-5562-49A4-AE26-E9078046BA6D}.Release|Any CPU.Build.0 = Release|Any CPU
		{357B6084-41E9-43C8-8431-65CCCF933BBB}.Debug|Any CPU.ActiveCfg = Debug|Any CPU
		{357B6084-41E9-43C8-8431-65CCCF933BBB}.Debug|Any CPU.Build.0 = Debug|Any CPU
		{357B6084-41E9-43C8-8431-65CCCF933BBB}.Release|Any CPU.ActiveCfg = Release|Any CPU
		{357B6084-41E9-43C8-8431-65CCCF933BBB}.Release|Any CPU.Build.0 = Release|Any CPU
		{69E335B6-76D4-4DE6-9AFC-A1D0A21643B1}.Debug|Any CPU.ActiveCfg = Debug|Any CPU
		{69E335B6-76D4-4DE6-9AFC-A1D0A21643B1}.Debug|Any CPU.Build.0 = Debug|Any CPU
		{69E335B6-76D4-4DE6-9AFC-A1D0A21643B1}.Release|Any CPU.ActiveCfg = Release|Any CPU
		{69E335B6-76D4-4DE6-9AFC-A1D0A21643B1}.Release|Any CPU.Build.0 = Release|Any CPU
	EndGlobalSection
	GlobalSection(SolutionProperties) = preSolution
		HideSolutionNode = FALSE
	EndGlobalSection
EndGlobal
